
Microsoft Visual Studio Solution File, Format Version 12.00
# Visual Studio Version 16
VisualStudioVersion = 16.0.29123.88
MinimumVisualStudioVersion = 10.0.40219.1
Project("{2150E333-8FDC-42A3-9474-1A3956D46DE8}") = "01", "01", "{A0988F1F-EF99-45F4-B6B0-98C1BCD53FB5}"
EndProject
Project("{8BC9CEB8-8B4A-11D0-8D11-00A0C91BC942}") = "4. Statements", "01\4. Statements\4. Statements.vcxproj", "{CFBAFCA6-BB93-4434-A411-2F875752E42B}"
EndProject
Project("{8BC9CEB8-8B4A-11D0-8D11-00A0C91BC942}") = "5. Switch statement", "01\5. Switch statement\5. Switch statement.vcxproj", "{C233446C-5F52-42ED-B293-BA1982250792}"
EndProject
Project("{8BC9CEB8-8B4A-11D0-8D11-00A0C91BC942}") = "1. Hello World", "01\1. Hello World\1. Hello World.vcxproj", "{7D79C3C0-4179-4E5A-A8D9-2D35725C260D}"
EndProject
Project("{8BC9CEB8-8B4A-11D0-8D11-00A0C91BC942}") = "3. Enum", "01\3. Enum\3. Enum.vcxproj", "{825DF12D-047C-4D87-B274-C1CFC9B8E9FB}"
EndProject
Project("{8BC9CEB8-8B4A-11D0-8D11-00A0C91BC942}") = "6. Global variable", "01\6. Global variable\6. Global variable.vcxproj", "{D71250D8-374D-4956-B61D-2152EEF27517}"
EndProject
Project("{8BC9CEB8-8B4A-11D0-8D11-00A0C91BC942}") = "2. Primitive Types", "01\2. Primitive Types\2. Primitive Types.vcxproj", "{6E972D52-61FE-4FB9-9EC0-7D883A02BA42}"
EndProject
Global
	GlobalSection(SolutionConfigurationPlatforms) = preSolution
		Debug|x64 = Debug|x64
		Debug|x86 = Debug|x86
		Release|x64 = Release|x64
		Release|x86 = Release|x86
	EndGlobalSection
	GlobalSection(ProjectConfigurationPlatforms) = postSolution
		{CFBAFCA6-BB93-4434-A411-2F875752E42B}.Debug|x64.ActiveCfg = Debug|x64
		{CFBAFCA6-BB93-4434-A411-2F875752E42B}.Debug|x64.Build.0 = Debug|x64
		{CFBAFCA6-BB93-4434-A411-2F875752E42B}.Debug|x86.ActiveCfg = Debug|Win32
		{CFBAFCA6-BB93-4434-A411-2F875752E42B}.Debug|x86.Build.0 = Debug|Win32
		{CFBAFCA6-BB93-4434-A411-2F875752E42B}.Release|x64.ActiveCfg = Release|x64
		{CFBAFCA6-BB93-4434-A411-2F875752E42B}.Release|x64.Build.0 = Release|x64
		{CFBAFCA6-BB93-4434-A411-2F875752E42B}.Release|x86.ActiveCfg = Release|Win32
		{CFBAFCA6-BB93-4434-A411-2F875752E42B}.Release|x86.Build.0 = Release|Win32
		{C233446C-5F52-42ED-B293-BA1982250792}.Debug|x64.ActiveCfg = Debug|x64
		{C233446C-5F52-42ED-B293-BA1982250792}.Debug|x64.Build.0 = Debug|x64
		{C233446C-5F52-42ED-B293-BA1982250792}.Debug|x86.ActiveCfg = Debug|Win32
		{C233446C-5F52-42ED-B293-BA1982250792}.Debug|x86.Build.0 = Debug|Win32
		{C233446C-5F52-42ED-B293-BA1982250792}.Release|x64.ActiveCfg = Release|x64
		{C233446C-5F52-42ED-B293-BA1982250792}.Release|x64.Build.0 = Release|x64
		{C233446C-5F52-42ED-B293-BA1982250792}.Release|x86.ActiveCfg = Release|Win32
		{C233446C-5F52-42ED-B293-BA1982250792}.Release|x86.Build.0 = Release|Win32
		{7D79C3C0-4179-4E5A-A8D9-2D35725C260D}.Debug|x64.ActiveCfg = Debug|x64
		{7D79C3C0-4179-4E5A-A8D9-2D35725C260D}.Debug|x64.Build.0 = Debug|x64
		{7D79C3C0-4179-4E5A-A8D9-2D35725C260D}.Debug|x86.ActiveCfg = Debug|Win32
		{7D79C3C0-4179-4E5A-A8D9-2D35725C260D}.Debug|x86.Build.0 = Debug|Win32
		{7D79C3C0-4179-4E5A-A8D9-2D35725C260D}.Release|x64.ActiveCfg = Release|x64
		{7D79C3C0-4179-4E5A-A8D9-2D35725C260D}.Release|x64.Build.0 = Release|x64
		{7D79C3C0-4179-4E5A-A8D9-2D35725C260D}.Release|x86.ActiveCfg = Release|Win32
		{7D79C3C0-4179-4E5A-A8D9-2D35725C260D}.Release|x86.Build.0 = Release|Win32
		{825DF12D-047C-4D87-B274-C1CFC9B8E9FB}.Debug|x64.ActiveCfg = Debug|x64
		{825DF12D-047C-4D87-B274-C1CFC9B8E9FB}.Debug|x64.Build.0 = Debug|x64
		{825DF12D-047C-4D87-B274-C1CFC9B8E9FB}.Debug|x86.ActiveCfg = Debug|Win32
		{825DF12D-047C-4D87-B274-C1CFC9B8E9FB}.Debug|x86.Build.0 = Debug|Win32
		{825DF12D-047C-4D87-B274-C1CFC9B8E9FB}.Release|x64.ActiveCfg = Release|x64
		{825DF12D-047C-4D87-B274-C1CFC9B8E9FB}.Release|x64.Build.0 = Release|x64
		{825DF12D-047C-4D87-B274-C1CFC9B8E9FB}.Release|x86.ActiveCfg = Release|Win32
		{825DF12D-047C-4D87-B274-C1CFC9B8E9FB}.Release|x86.Build.0 = Release|Win32
		{D71250D8-374D-4956-B61D-2152EEF27517}.Debug|x64.ActiveCfg = Debug|x64
		{D71250D8-374D-4956-B61D-2152EEF27517}.Debug|x64.Build.0 = Debug|x64
		{D71250D8-374D-4956-B61D-2152EEF27517}.Debug|x86.ActiveCfg = Debug|Win32
		{D71250D8-374D-4956-B61D-2152EEF27517}.Debug|x86.Build.0 = Debug|Win32
		{D71250D8-374D-4956-B61D-2152EEF27517}.Release|x64.ActiveCfg = Release|x64
		{D71250D8-374D-4956-B61D-2152EEF27517}.Release|x64.Build.0 = Release|x64
		{D71250D8-374D-4956-B61D-2152EEF27517}.Release|x86.ActiveCfg = Release|Win32
		{D71250D8-374D-4956-B61D-2152EEF27517}.Release|x86.Build.0 = Release|Win32
		{6E972D52-61FE-4FB9-9EC0-7D883A02BA42}.Debug|x64.ActiveCfg = Debug|x64
		{6E972D52-61FE-4FB9-9EC0-7D883A02BA42}.Debug|x64.Build.0 = Debug|x64
		{6E972D52-61FE-4FB9-9EC0-7D883A02BA42}.Debug|x86.ActiveCfg = Debug|Win32
		{6E972D52-61FE-4FB9-9EC0-7D883A02BA42}.Debug|x86.Build.0 = Debug|Win32
		{6E972D52-61FE-4FB9-9EC0-7D883A02BA42}.Release|x64.ActiveCfg = Release|x64
		{6E972D52-61FE-4FB9-9EC0-7D883A02BA42}.Release|x64.Build.0 = Release|x64
		{6E972D52-61FE-4FB9-9EC0-7D883A02BA42}.Release|x86.ActiveCfg = Release|Win32
		{6E972D52-61FE-4FB9-9EC0-7D883A02BA42}.Release|x86.Build.0 = Release|Win32
	EndGlobalSection
	GlobalSection(SolutionProperties) = preSolution
		HideSolutionNode = FALSE
	EndGlobalSection
	GlobalSection(NestedProjects) = preSolution
		{CFBAFCA6-BB93-4434-A411-2F875752E42B} = {A0988F1F-EF99-45F4-B6B0-98C1BCD53FB5}
		{C233446C-5F52-42ED-B293-BA1982250792} = {A0988F1F-EF99-45F4-B6B0-98C1BCD53FB5}
		{7D79C3C0-4179-4E5A-A8D9-2D35725C260D} = {A0988F1F-EF99-45F4-B6B0-98C1BCD53FB5}
		{825DF12D-047C-4D87-B274-C1CFC9B8E9FB} = {A0988F1F-EF99-45F4-B6B0-98C1BCD53FB5}
		{D71250D8-374D-4956-B61D-2152EEF27517} = {A0988F1F-EF99-45F4-B6B0-98C1BCD53FB5}
		{6E972D52-61FE-4FB9-9EC0-7D883A02BA42} = {A0988F1F-EF99-45F4-B6B0-98C1BCD53FB5}
	EndGlobalSection
	GlobalSection(ExtensibilityGlobals) = postSolution
		SolutionGuid = {116CC281-6E9E-4525-9E2B-62B7D1AFBD37}
	EndGlobalSection
EndGlobal
